
Microsoft Visual Studio Solution File, Format Version 12.00
# Visual Studio 15
Project("{FAE04EC0-301F-11D3-BF4B-00C04F79EFBC}") = "Zinnia.Runtime", "Zinnia.Runtime.csproj", "{D9955B5D-A2CE-A383-ABE0-0E19CB9C2458}"
EndProject
Project("{FAE04EC0-301F-11D3-BF4B-00C04F79EFBC}") = "VRTK.Prefabs.Runtime", "VRTK.Prefabs.Runtime.csproj", "{CE791887-5397-47CC-6D7D-9480C688A4D4}"
EndProject
Project("{FAE04EC0-301F-11D3-BF4B-00C04F79EFBC}") = "Zinnia.Tests.Editor", "Zinnia.Tests.Editor.csproj", "{6D036E31-7F4A-B209-7A60-73C6DF7BA1D8}"
EndProject
Project("{FAE04EC0-301F-11D3-BF4B-00C04F79EFBC}") = "VRTK.Samples.Farm.Runtime", "VRTK.Samples.Farm.Runtime.csproj", "{5E914687-0646-1C95-340E-BD56CDD29677}"
EndProject
Project("{FAE04EC0-301F-11D3-BF4B-00C04F79EFBC}") = "Zinnia.Tests.Utility", "Zinnia.Tests.Utility.csproj", "{A51A33D1-4F2A-07CD-12B6-0EC3B9B22F8A}"
EndProject
Project("{FAE04EC0-301F-11D3-BF4B-00C04F79EFBC}") = "Zinnia.Editor", "Zinnia.Editor.csproj", "{E3687E41-21E8-B702-B27C-BE0874DCC3D3}"
EndProject
Project("{FAE04EC0-301F-11D3-BF4B-00C04F79EFBC}") = "VRTK.Samples.Farm.Editor", "VRTK.Samples.Farm.Editor.csproj", "{982E3847-2F41-EC4A-BF5A-78566B9F0E30}"
EndProject
Project("{FAE04EC0-301F-11D3-BF4B-00C04F79EFBC}") = "Supyrb.Editor", "Supyrb.Editor.csproj", "{B2F1CDD2-65FE-750A-EE30-FC32DA3F36E3}"
EndProject
Global
	GlobalSection(SolutionConfigurationPlatforms) = preSolution
		Debug|Any CPU = Debug|Any CPU
		Release|Any CPU = Release|Any CPU
	EndGlobalSection
	GlobalSection(ProjectConfigurationPlatforms) = postSolution
		{D9955B5D-A2CE-A383-ABE0-0E19CB9C2458}.Debug|Any CPU.ActiveCfg = Debug|Any CPU
		{D9955B5D-A2CE-A383-ABE0-0E19CB9C2458}.Debug|Any CPU.Build.0 = Debug|Any CPU
		{D9955B5D-A2CE-A383-ABE0-0E19CB9C2458}.Release|Any CPU.ActiveCfg = Release|Any CPU
		{D9955B5D-A2CE-A383-ABE0-0E19CB9C2458}.Release|Any CPU.Build.0 = Release|Any CPU
		{CE791887-5397-47CC-6D7D-9480C688A4D4}.Debug|Any CPU.ActiveCfg = Debug|Any CPU
		{CE791887-5397-47CC-6D7D-9480C688A4D4}.Debug|Any CPU.Build.0 = Debug|Any CPU
		{CE791887-5397-47CC-6D7D-9480C688A4D4}.Release|Any CPU.ActiveCfg = Release|Any CPU
		{CE791887-5397-47CC-6D7D-9480C688A4D4}.Release|Any CPU.Build.0 = Release|Any CPU
		{6D036E31-7F4A-B209-7A60-73C6DF7BA1D8}.Debug|Any CPU.ActiveCfg = Debug|Any CPU
		{6D036E31-7F4A-B209-7A60-73C6DF7BA1D8}.Debug|Any CPU.Build.0 = Debug|Any CPU
		{6D036E31-7F4A-B209-7A60-73C6DF7BA1D8}.Release|Any CPU.ActiveCfg = Release|Any CPU
		{6D036E31-7F4A-B209-7A60-73C6DF7BA1D8}.Release|Any CPU.Build.0 = Release|Any CPU
		{5E914687-0646-1C95-340E-BD56CDD29677}.Debug|Any CPU.ActiveCfg = Debug|Any CPU
		{5E914687-0646-1C95-340E-BD56CDD29677}.Debug|Any CPU.Build.0 = Debug|Any CPU
		{5E914687-0646-1C95-340E-BD56CDD29677}.Release|Any CPU.ActiveCfg = Release|Any CPU
		{5E914687-0646-1C95-340E-BD56CDD29677}.Release|Any CPU.Build.0 = Release|Any CPU
		{A51A33D1-4F2A-07CD-12B6-0EC3B9B22F8A}.Debug|Any CPU.ActiveCfg = Debug|Any CPU
		{A51A33D1-4F2A-07CD-12B6-0EC3B9B22F8A}.Debug|Any CPU.Build.0 = Debug|Any CPU
		{A51A33D1-4F2A-07CD-12B6-0EC3B9B22F8A}.Release|Any CPU.ActiveCfg = Release|Any CPU
		{A51A33D1-4F2A-07CD-12B6-0EC3B9B22F8A}.Release|Any CPU.Build.0 = Release|Any CPU
		{E3687E41-21E8-B702-B27C-BE0874DCC3D3}.Debug|Any CPU.ActiveCfg = Debug|Any CPU
		{E3687E41-21E8-B702-B27C-BE0874DCC3D3}.Debug|Any CPU.Build.0 = Debug|Any CPU
		{E3687E41-21E8-B702-B27C-BE0874DCC3D3}.Release|Any CPU.ActiveCfg = Release|Any CPU
		{E3687E41-21E8-B702-B27C-BE0874DCC3D3}.Release|Any CPU.Build.0 = Release|Any CPU
		{982E3847-2F41-EC4A-BF5A-78566B9F0E30}.Debug|Any CPU.ActiveCfg = Debug|Any CPU
		{982E3847-2F41-EC4A-BF5A-78566B9F0E30}.Debug|Any CPU.Build.0 = Debug|Any CPU
		{982E3847-2F41-EC4A-BF5A-78566B9F0E30}.Release|Any CPU.ActiveCfg = Release|Any CPU
		{982E3847-2F41-EC4A-BF5A-78566B9F0E30}.Release|Any CPU.Build.0 = Release|Any CPU
		{B2F1CDD2-65FE-750A-EE30-FC32DA3F36E3}.Debug|Any CPU.ActiveCfg = Debug|Any CPU
		{B2F1CDD2-65FE-750A-EE30-FC32DA3F36E3}.Debug|Any CPU.Build.0 = Debug|Any CPU
		{B2F1CDD2-65FE-750A-EE30-FC32DA3F36E3}.Release|Any CPU.ActiveCfg = Release|Any CPU
		{B2F1CDD2-65FE-750A-EE30-FC32DA3F36E3}.Release|Any CPU.Build.0 = Release|Any CPU
	EndGlobalSection
	GlobalSection(SolutionProperties) = preSolution
		HideSolutionNode = FALSE
	EndGlobalSection
EndGlobal
